// !$*UTF8*$!
{
	archiveVersion = 1;
	classes = {
	};
	objectVersion = 56;
	objects = {

/* Begin PBXBuildFile section */
		2429AD932B309EEF002328F7 /* Weather_appApp.swift in Sources */ = {isa = PBXBuildFile; fileRef = 2429AD922B309EEF002328F7 /* Weather_appApp.swift */; };
		2429AD952B309EEF002328F7 /* ContentView.swift in Sources */ = {isa = PBXBuildFile; fileRef = 2429AD942B309EEF002328F7 /* ContentView.swift */; };
		2429AD972B309EF1002328F7 /* Assets.xcassets in Resources */ = {isa = PBXBuildFile; fileRef = 2429AD962B309EF1002328F7 /* Assets.xcassets */; };
		2429AD9A2B309EF1002328F7 /* Preview Assets.xcassets in Resources */ = {isa = PBXBuildFile; fileRef = 2429AD992B309EF1002328F7 /* Preview Assets.xcassets */; };
		2429ADA42B309EF1002328F7 /* Weather_appTests.swift in Sources */ = {isa = PBXBuildFile; fileRef = 2429ADA32B309EF1002328F7 /* Weather_appTests.swift */; };
		2429ADAE2B309EF1002328F7 /* Weather_appUITests.swift in Sources */ = {isa = PBXBuildFile; fileRef = 2429ADAD2B309EF1002328F7 /* Weather_appUITests.swift */; };
		2429ADB02B309EF1002328F7 /* Weather_appUITestsLaunchTests.swift in Sources */ = {isa = PBXBuildFile; fileRef = 2429ADAF2B309EF1002328F7 /* Weather_appUITestsLaunchTests.swift */; };
		2429ADBE2B309F2C002328F7 /* LocationManager.swift in Sources */ = {isa = PBXBuildFile; fileRef = 2429ADBD2B309F2C002328F7 /* LocationManager.swift */; };
		2429ADC12B309F6A002328F7 /* WelcomeView.swift in Sources */ = {isa = PBXBuildFile; fileRef = 2429ADC02B309F6A002328F7 /* WelcomeView.swift */; };
		2429ADC32B30C171002328F7 /* LoadingView.swift in Sources */ = {isa = PBXBuildFile; fileRef = 2429ADC22B30C171002328F7 /* LoadingView.swift */; };
		2429ADC52B30C444002328F7 /* WeatherManager.swift in Sources */ = {isa = PBXBuildFile; fileRef = 2429ADC42B30C444002328F7 /* WeatherManager.swift */; };
		2429ADC72B30CAAB002328F7 /* WeatherView.swift in Sources */ = {isa = PBXBuildFile; fileRef = 2429ADC62B30CAAB002328F7 /* WeatherView.swift */; };
		2429ADC92B30CB04002328F7 /* ModelData.swift in Sources */ = {isa = PBXBuildFile; fileRef = 2429ADC82B30CB04002328F7 /* ModelData.swift */; };
		2429ADCB2B30CB36002328F7 /* weatherData in Resources */ = {isa = PBXBuildFile; fileRef = 2429ADCA2B30CB36002328F7 /* weatherData */; };
		2429ADCD2B30CC54002328F7 /* Extensions.swift in Sources */ = {isa = PBXBuildFile; fileRef = 2429ADCC2B30CC54002328F7 /* Extensions.swift */; };
		2429ADD22B30CD38002328F7 /* WeatherRow.swift in Sources */ = {isa = PBXBuildFile; fileRef = 2429ADD12B30CD38002328F7 /* WeatherRow.swift */; };
/* End PBXBuildFile section */

/* Begin PBXContainerItemProxy section */
		2429ADA02B309EF1002328F7 /* PBXContainerItemProxy */ = {
			isa = PBXContainerItemProxy;
			containerPortal = 2429AD872B309EEF002328F7 /* Project object */;
			proxyType = 1;
			remoteGlobalIDString = 2429AD8E2B309EEF002328F7;
			remoteInfo = "Weather app";
		};
		2429ADAA2B309EF1002328F7 /* PBXContainerItemProxy */ = {
			isa = PBXContainerItemProxy;
			containerPortal = 2429AD872B309EEF002328F7 /* Project object */;
			proxyType = 1;
			remoteGlobalIDString = 2429AD8E2B309EEF002328F7;
			remoteInfo = "Weather app";
		};
/* End PBXContainerItemProxy section */

/* Begin PBXFileReference section */
		2429AD8F2B309EEF002328F7 /* Weather app.app */ = {isa = PBXFileReference; explicitFileType = wrapper.application; includeInIndex = 0; path = "Weather app.app"; sourceTree = BUILT_PRODUCTS_DIR; };
		2429AD922B309EEF002328F7 /* Weather_appApp.swift */ = {isa = PBXFileReference; lastKnownFileType = sourcecode.swift; path = Weather_appApp.swift; sourceTree = "<group>"; };
		2429AD942B309EEF002328F7 /* ContentView.swift */ = {isa = PBXFileReference; lastKnownFileType = sourcecode.swift; path = ContentView.swift; sourceTree = "<group>"; };
		2429AD962B309EF1002328F7 /* Assets.xcassets */ = {isa = PBXFileReference; lastKnownFileType = folder.assetcatalog; path = Assets.xcassets; sourceTree = "<group>"; };
		2429AD992B309EF1002328F7 /* Preview Assets.xcassets */ = {isa = PBXFileReference; lastKnownFileType = folder.assetcatalog; path = "Preview Assets.xcassets"; sourceTree = "<group>"; };
		2429AD9F2B309EF1002328F7 /* Weather appTests.xctest */ = {isa = PBXFileReference; explicitFileType = wrapper.cfbundle; includeInIndex = 0; path = "Weather appTests.xctest"; sourceTree = BUILT_PRODUCTS_DIR; };
		2429ADA32B309EF1002328F7 /* Weather_appTests.swift */ = {isa = PBXFileReference; lastKnownFileType = sourcecode.swift; path = Weather_appTests.swift; sourceTree = "<group>"; };
		2429ADA92B309EF1002328F7 /* Weather appUITests.xctest */ = {isa = PBXFileReference; explicitFileType = wrapper.cfbundle; includeInIndex = 0; path = "Weather appUITests.xctest"; sourceTree = BUILT_PRODUCTS_DIR; };
		2429ADAD2B309EF1002328F7 /* Weather_appUITests.swift */ = {isa = PBXFileReference; lastKnownFileType = sourcecode.swift; path = Weather_appUITests.swift; sourceTree = "<group>"; };
		2429ADAF2B309EF1002328F7 /* Weather_appUITestsLaunchTests.swift */ = {isa = PBXFileReference; lastKnownFileType = sourcecode.swift; path = Weather_appUITestsLaunchTests.swift; sourceTree = "<group>"; };
		2429ADBD2B309F2C002328F7 /* LocationManager.swift */ = {isa = PBXFileReference; lastKnownFileType = sourcecode.swift; path = LocationManager.swift; sourceTree = "<group>"; };
		2429ADC02B309F6A002328F7 /* WelcomeView.swift */ = {isa = PBXFileReference; lastKnownFileType = sourcecode.swift; path = WelcomeView.swift; sourceTree = "<group>"; };
		2429ADC22B30C171002328F7 /* LoadingView.swift */ = {isa = PBXFileReference; lastKnownFileType = sourcecode.swift; path = LoadingView.swift; sourceTree = "<group>"; };
		2429ADC42B30C444002328F7 /* WeatherManager.swift */ = {isa = PBXFileReference; lastKnownFileType = sourcecode.swift; path = WeatherManager.swift; sourceTree = "<group>"; };
		2429ADC62B30CAAB002328F7 /* WeatherView.swift */ = {isa = PBXFileReference; lastKnownFileType = sourcecode.swift; path = WeatherView.swift; sourceTree = "<group>"; };
		2429ADC82B30CB04002328F7 /* ModelData.swift */ = {isa = PBXFileReference; lastKnownFileType = sourcecode.swift; path = ModelData.swift; sourceTree = "<group>"; };
		2429ADCA2B30CB36002328F7 /* weatherData */ = {isa = PBXFileReference; lastKnownFileType = text; path = weatherData; sourceTree = "<group>"; };
		2429ADCC2B30CC54002328F7 /* Extensions.swift */ = {isa = PBXFileReference; lastKnownFileType = sourcecode.swift; path = Extensions.swift; sourceTree = "<group>"; };
		2429ADD12B30CD38002328F7 /* WeatherRow.swift */ = {isa = PBXFileReference; lastKnownFileType = sourcecode.swift; path = WeatherRow.swift; sourceTree = "<group>"; };
/* End PBXFileReference section */

/* Begin PBXFrameworksBuildPhase section */
		2429AD8C2B309EEF002328F7 /* Frameworks */ = {
			isa = PBXFrameworksBuildPhase;
			buildActionMask = 2147483647;
			files = (
			);
			runOnlyForDeploymentPostprocessing = 0;
		};
		2429AD9C2B309EF1002328F7 /* Frameworks */ = {
			isa = PBXFrameworksBuildPhase;
			buildActionMask = 2147483647;
			files = (
			);
			runOnlyForDeploymentPostprocessing = 0;
		};
		2429ADA62B309EF1002328F7 /* Frameworks */ = {
			isa = PBXFrameworksBuildPhase;
			buildActionMask = 2147483647;
			files = (
			);
			runOnlyForDeploymentPostprocessing = 0;
		};
/* End PBXFrameworksBuildPhase section */

/* Begin PBXGroup section */
		2429AD862B309EEF002328F7 = {
			isa = PBXGroup;
			children = (
				2429AD912B309EEF002328F7 /* Weather app */,
				2429ADA22B309EF1002328F7 /* Weather appTests */,
				2429ADAC2B309EF1002328F7 /* Weather appUITests */,
				2429AD902B309EEF002328F7 /* Products */,
			);
			sourceTree = "<group>";
		};
		2429AD902B309EEF002328F7 /* Products */ = {
			isa = PBXGroup;
			children = (
				2429AD8F2B309EEF002328F7 /* Weather app.app */,
				2429AD9F2B309EF1002328F7 /* Weather appTests.xctest */,
				2429ADA92B309EF1002328F7 /* Weather appUITests.xctest */,
			);
			name = Products;
			sourceTree = "<group>";
		};
		2429AD912B309EEF002328F7 /* Weather app */ = {
			isa = PBXGroup;
			children = (
				2429ADD02B30CD25002328F7 /* Components */,
				2429ADBF2B309F39002328F7 /* Views */,
				2429ADBC2B309F1A002328F7 /* Manager */,
				2429AD922B309EEF002328F7 /* Weather_appApp.swift */,
				2429AD962B309EF1002328F7 /* Assets.xcassets */,
				2429AD982B309EF1002328F7 /* Preview Content */,
				2429ADCC2B30CC54002328F7 /* Extensions.swift */,
			);
			path = "Weather app";
			sourceTree = "<group>";
		};
		2429AD982B309EF1002328F7 /* Preview Content */ = {
			isa = PBXGroup;
			children = (
				2429AD992B309EF1002328F7 /* Preview Assets.xcassets */,
				2429ADC82B30CB04002328F7 /* ModelData.swift */,
				2429ADCA2B30CB36002328F7 /* weatherData */,
			);
			path = "Preview Content";
			sourceTree = "<group>";
		};
		2429ADA22B309EF1002328F7 /* Weather appTests */ = {
			isa = PBXGroup;
			children = (
				2429ADA32B309EF1002328F7 /* Weather_appTests.swift */,
			);
			path = "Weather appTests";
			sourceTree = "<group>";
		};
		2429ADAC2B309EF1002328F7 /* Weather appUITests */ = {
			isa = PBXGroup;
			children = (
				2429ADAD2B309EF1002328F7 /* Weather_appUITests.swift */,
				2429ADAF2B309EF1002328F7 /* Weather_appUITestsLaunchTests.swift */,
			);
			path = "Weather appUITests";
			sourceTree = "<group>";
		};
		2429ADBC2B309F1A002328F7 /* Manager */ = {
			isa = PBXGroup;
			children = (
				2429ADBD2B309F2C002328F7 /* LocationManager.swift */,
				2429ADC42B30C444002328F7 /* WeatherManager.swift */,
			);
			path = Manager;
			sourceTree = "<group>";
		};
		2429ADBF2B309F39002328F7 /* Views */ = {
			isa = PBXGroup;
			children = (
				2429AD942B309EEF002328F7 /* ContentView.swift */,
				2429ADC02B309F6A002328F7 /* WelcomeView.swift */,
				2429ADC22B30C171002328F7 /* LoadingView.swift */,
				2429ADC62B30CAAB002328F7 /* WeatherView.swift */,
			);
			path = Views;
			sourceTree = "<group>";
		};
		2429ADD02B30CD25002328F7 /* Components */ = {
			isa = PBXGroup;
			children = (
				2429ADD12B30CD38002328F7 /* WeatherRow.swift */,
			);
			path = Components;
			sourceTree = "<group>";
		};
/* End PBXGroup section */

/* Begin PBXNativeTarget section */
		2429AD8E2B309EEF002328F7 /* Weather app */ = {
			isa = PBXNativeTarget;
			buildConfigurationList = 2429ADB32B309EF1002328F7 /* Build configuration list for PBXNativeTarget "Weather app" */;
			buildPhases = (
				2429AD8B2B309EEF002328F7 /* Sources */,
				2429AD8C2B309EEF002328F7 /* Frameworks */,
				2429AD8D2B309EEF002328F7 /* Resources */,
			);
			buildRules = (
			);
			dependencies = (
			);
			name = "Weather app";
			productName = "Weather app";
			productReference = 2429AD8F2B309EEF002328F7 /* Weather app.app */;
			productType = "com.apple.product-type.application";
		};
		2429AD9E2B309EF1002328F7 /* Weather appTests */ = {
			isa = PBXNativeTarget;
			buildConfigurationList = 2429ADB62B309EF1002328F7 /* Build configuration list for PBXNativeTarget "Weather appTests" */;
			buildPhases = (
				2429AD9B2B309EF1002328F7 /* Sources */,
				2429AD9C2B309EF1002328F7 /* Frameworks */,
				2429AD9D2B309EF1002328F7 /* Resources */,
			);
			buildRules = (
			);
			dependencies = (
				2429ADA12B309EF1002328F7 /* PBXTargetDependency */,
			);
			name = "Weather appTests";
			productName = "Weather appTests";
			productReference = 2429AD9F2B309EF1002328F7 /* Weather appTests.xctest */;
			productType = "com.apple.product-type.bundle.unit-test";
		};
		2429ADA82B309EF1002328F7 /* Weather appUITests */ = {
			isa = PBXNativeTarget;
			buildConfigurationList = 2429ADB92B309EF1002328F7 /* Build configuration list for PBXNativeTarget "Weather appUITests" */;
			buildPhases = (
				2429ADA52B309EF1002328F7 /* Sources */,
				2429ADA62B309EF1002328F7 /* Frameworks */,
				2429ADA72B309EF1002328F7 /* Resources */,
			);
			buildRules = (
			);
			dependencies = (
				2429ADAB2B309EF1002328F7 /* PBXTargetDependency */,
			);
			name = "Weather appUITests";
			productName = "Weather appUITests";
			productReference = 2429ADA92B309EF1002328F7 /* Weather appUITests.xctest */;
			productType = "com.apple.product-type.bundle.ui-testing";
		};
/* End PBXNativeTarget section */

/* Begin PBXProject section */
		2429AD872B309EEF002328F7 /* Project object */ = {
			isa = PBXProject;
			attributes = {
				BuildIndependentTargetsInParallel = 1;
				LastSwiftUpdateCheck = 1510;
				LastUpgradeCheck = 1510;
				TargetAttributes = {
					2429AD8E2B309EEF002328F7 = {
						CreatedOnToolsVersion = 15.1;
					};
					2429AD9E2B309EF1002328F7 = {
						CreatedOnToolsVersion = 15.1;
						TestTargetID = 2429AD8E2B309EEF002328F7;
					};
					2429ADA82B309EF1002328F7 = {
						CreatedOnToolsVersion = 15.1;
						TestTargetID = 2429AD8E2B309EEF002328F7;
					};
				};
			};
			buildConfigurationList = 2429AD8A2B309EEF002328F7 /* Build configuration list for PBXProject "Weather app" */;
			compatibilityVersion = "Xcode 14.0";
			developmentRegion = en;
			hasScannedForEncodings = 0;
			knownRegions = (
				en,
				Base,
			);
			mainGroup = 2429AD862B309EEF002328F7;
			productRefGroup = 2429AD902B309EEF002328F7 /* Products */;
			projectDirPath = "";
			projectRoot = "";
			targets = (
				2429AD8E2B309EEF002328F7 /* Weather app */,
				2429AD9E2B309EF1002328F7 /* Weather appTests */,
				2429ADA82B309EF1002328F7 /* Weather appUITests */,
			);
		};
/* End PBXProject section */

/* Begin PBXResourcesBuildPhase section */
		2429AD8D2B309EEF002328F7 /* Resources */ = {
			isa = PBXResourcesBuildPhase;
			buildActionMask = 2147483647;
			files = (
				2429AD9A2B309EF1002328F7 /* Preview Assets.xcassets in Resources */,
				2429ADCB2B30CB36002328F7 /* weatherData in Resources */,
				2429AD972B309EF1002328F7 /* Assets.xcassets in Resources */,
			);
			runOnlyForDeploymentPostprocessing = 0;
		};
		2429AD9D2B309EF1002328F7 /* Resources */ = {
			isa = PBXResourcesBuildPhase;
			buildActionMask = 2147483647;
			files = (
			);
			runOnlyForDeploymentPostprocessing = 0;
		};
		2429ADA72B309EF1002328F7 /* Resources */ = {
			isa = PBXResourcesBuildPhase;
			buildActionMask = 2147483647;
			files = (
			);
			runOnlyForDeploymentPostprocessing = 0;
		};
/* End PBXResourcesBuildPhase section */

/* Begin PBXSourcesBuildPhase section */
		2429AD8B2B309EEF002328F7 /* Sources */ = {
			isa = PBXSourcesBuildPhase;
			buildActionMask = 2147483647;
			files = (
				2429ADC52B30C444002328F7 /* WeatherManager.swift in Sources */,
				2429ADCD2B30CC54002328F7 /* Extensions.swift in Sources */,
				2429AD952B309EEF002328F7 /* ContentView.swift in Sources */,
				2429AD932B309EEF002328F7 /* Weather_appApp.swift in Sources */,
				2429ADBE2B309F2C002328F7 /* LocationManager.swift in Sources */,
				2429ADD22B30CD38002328F7 /* WeatherRow.swift in Sources */,
				2429ADC32B30C171002328F7 /* LoadingView.swift in Sources */,
				2429ADC92B30CB04002328F7 /* ModelData.swift in Sources */,
				2429ADC72B30CAAB002328F7 /* WeatherView.swift in Sources */,
				2429ADC12B309F6A002328F7 /* WelcomeView.swift in Sources */,
			);
			runOnlyForDeploymentPostprocessing = 0;
		};
		2429AD9B2B309EF1002328F7 /* Sources */ = {
			isa = PBXSourcesBuildPhase;
			buildActionMask = 2147483647;
			files = (
				2429ADA42B309EF1002328F7 /* Weather_appTests.swift in Sources */,
			);
			runOnlyForDeploymentPostprocessing = 0;
		};
		2429ADA52B309EF1002328F7 /* Sources */ = {
			isa = PBXSourcesBuildPhase;
			buildActionMask = 2147483647;
			files = (
				2429ADAE2B309EF1002328F7 /* Weather_appUITests.swift in Sources */,
				2429ADB02B309EF1002328F7 /* Weather_appUITestsLaunchTests.swift in Sources */,
			);
			runOnlyForDeploymentPostprocessing = 0;
		};
/* End PBXSourcesBuildPhase section */

/* Begin PBXTargetDependency section */
		2429ADA12B309EF1002328F7 /* PBXTargetDependency */ = {
			isa = PBXTargetDependency;
			target = 2429AD8E2B309EEF002328F7 /* Weather app */;
			targetProxy = 2429ADA02B309EF1002328F7 /* PBXContainerItemProxy */;
		};
		2429ADAB2B309EF1002328F7 /* PBXTargetDependency */ = {
			isa = PBXTargetDependency;
			target = 2429AD8E2B309EEF002328F7 /* Weather app */;
			targetProxy = 2429ADAA2B309EF1002328F7 /* PBXContainerItemProxy */;
		};
/* End PBXTargetDependency section */

/* Begin XCBuildConfiguration section */
		2429ADB12B309EF1002328F7 /* Debug */ = {
			isa = XCBuildConfiguration;
			buildSettings = {
				ALWAYS_SEARCH_USER_PATHS = NO;
				ASSETCATALOG_COMPILER_GENERATE_SWIFT_ASSET_SYMBOL_EXTENSIONS = YES;
				CLANG_ANALYZER_NONNULL = YES;
				CLANG_ANALYZER_NUMBER_OBJECT_CONVERSION = YES_AGGRESSIVE;
				CLANG_CXX_LANGUAGE_STANDARD = "gnu++20";
				CLANG_ENABLE_MODULES = YES;
				CLANG_ENABLE_OBJC_ARC = YES;
				CLANG_ENABLE_OBJC_WEAK = YES;
				CLANG_WARN_BLOCK_CAPTURE_AUTORELEASING = YES;
				CLANG_WARN_BOOL_CONVERSION = YES;
				CLANG_WARN_COMMA = YES;
				CLANG_WARN_CONSTANT_CONVERSION = YES;
				CLANG_WARN_DEPRECATED_OBJC_IMPLEMENTATIONS = YES;
				CLANG_WARN_DIRECT_OBJC_ISA_USAGE = YES_ERROR;
				CLANG_WARN_DOCUMENTATION_COMMENTS = YES;
				CLANG_WARN_EMPTY_BODY = YES;
				CLANG_WARN_ENUM_CONVERSION = YES;
				CLANG_WARN_INFINITE_RECURSION = YES;
				CLANG_WARN_INT_CONVERSION = YES;
				CLANG_WARN_NON_LITERAL_NULL_CONVERSION = YES;
				CLANG_WARN_OBJC_IMPLICIT_RETAIN_SELF = YES;
				CLANG_WARN_OBJC_LITERAL_CONVERSION = YES;
				CLANG_WARN_OBJC_ROOT_CLASS = YES_ERROR;
				CLANG_WARN_QUOTED_INCLUDE_IN_FRAMEWORK_HEADER = YES;
				CLANG_WARN_RANGE_LOOP_ANALYSIS = YES;
				CLANG_WARN_STRICT_PROTOTYPES = YES;
				CLANG_WARN_SUSPICIOUS_MOVE = YES;
				CLANG_WARN_UNGUARDED_AVAILABILITY = YES_AGGRESSIVE;
				CLANG_WARN_UNREACHABLE_CODE = YES;
				CLANG_WARN__DUPLICATE_METHOD_MATCH = YES;
				COPY_PHASE_STRIP = NO;
				DEBUG_INFORMATION_FORMAT = dwarf;
				ENABLE_STRICT_OBJC_MSGSEND = YES;
				ENABLE_TESTABILITY = YES;
				ENABLE_USER_SCRIPT_SANDBOXING = YES;
				GCC_C_LANGUAGE_STANDARD = gnu17;
				GCC_DYNAMIC_NO_PIC = NO;
				GCC_NO_COMMON_BLOCKS = YES;
				GCC_OPTIMIZATION_LEVEL = 0;
				GCC_PREPROCESSOR_DEFINITIONS = (
					"DEBUG=1",
					"$(inherited)",
				);
				GCC_WARN_64_TO_32_BIT_CONVERSION = YES;
				GCC_WARN_ABOUT_RETURN_TYPE = YES_ERROR;
				GCC_WARN_UNDECLARED_SELECTOR = YES;
				GCC_WARN_UNINITIALIZED_AUTOS = YES_AGGRESSIVE;
				GCC_WARN_UNUSED_FUNCTION = YES;
				GCC_WARN_UNUSED_VARIABLE = YES;
				IPHONEOS_DEPLOYMENT_TARGET = 17.2;
				LOCALIZATION_PREFERS_STRING_CATALOGS = YES;
				MTL_ENABLE_DEBUG_INFO = INCLUDE_SOURCE;
				MTL_FAST_MATH = YES;
				ONLY_ACTIVE_ARCH = YES;
				SDKROOT = iphoneos;
				SWIFT_ACTIVE_COMPILATION_CONDITIONS = "DEBUG $(inherited)";
				SWIFT_OPTIMIZATION_LEVEL = "-Onone";
			};
			name = Debug;
		};
		2429ADB22B309EF1002328F7 /* Release */ = {
			isa = XCBuildConfiguration;
			buildSettings = {
				ALWAYS_SEARCH_USER_PATHS = NO;
				ASSETCATALOG_COMPILER_GENERATE_SWIFT_ASSET_SYMBOL_EXTENSIONS = YES;
				CLANG_ANALYZER_NONNULL = YES;
				CLANG_ANALYZER_NUMBER_OBJECT_CONVERSION = YES_AGGRESSIVE;
				CLANG_CXX_LANGUAGE_STANDARD = "gnu++20";
				CLANG_ENABLE_MODULES = YES;
				CLANG_ENABLE_OBJC_ARC = YES;
				CLANG_ENABLE_OBJC_WEAK = YES;
				CLANG_WARN_BLOCK_CAPTURE_AUTORELEASING = YES;
				CLANG_WARN_BOOL_CONVERSION = YES;
				CLANG_WARN_COMMA = YES;
				CLANG_WARN_CONSTANT_CONVERSION = YES;
				CLANG_WARN_DEPRECATED_OBJC_IMPLEMENTATIONS = YES;
				CLANG_WARN_DIRECT_OBJC_ISA_USAGE = YES_ERROR;
				CLANG_WARN_DOCUMENTATION_COMMENTS = YES;
				CLANG_WARN_EMPTY_BODY = YES;
				CLANG_WARN_ENUM_CONVERSION = YES;
				CLANG_WARN_INFINITE_RECURSION = YES;
				CLANG_WARN_INT_CONVERSION = YES;
				CLANG_WARN_NON_LITERAL_NULL_CONVERSION = YES;
				CLANG_WARN_OBJC_IMPLICIT_RETAIN_SELF = YES;
				CLANG_WARN_OBJC_LITERAL_CONVERSION = YES;
				CLANG_WARN_OBJC_ROOT_CLASS = YES_ERROR;
				CLANG_WARN_QUOTED_INCLUDE_IN_FRAMEWORK_HEADER = YES;
				CLANG_WARN_RANGE_LOOP_ANALYSIS = YES;
				CLANG_WARN_STRICT_PROTOTYPES = YES;
				CLANG_WARN_SUSPICIOUS_MOVE = YES;
				CLANG_WARN_UNGUARDED_AVAILABILITY = YES_AGGRESSIVE;
				CLANG_WARN_UNREACHABLE_CODE = YES;
				CLANG_WARN__DUPLICATE_METHOD_MATCH = YES;
				COPY_PHASE_STRIP = NO;
				DEBUG_INFORMATION_FORMAT = "dwarf-with-dsym";
				ENABLE_NS_ASSERTIONS = NO;
				ENABLE_STRICT_OBJC_MSGSEND = YES;
				ENABLE_USER_SCRIPT_SANDBOXING = YES;
				GCC_C_LANGUAGE_STANDARD = gnu17;
				GCC_NO_COMMON_BLOCKS = YES;
				GCC_WARN_64_TO_32_BIT_CONVERSION = YES;
				GCC_WARN_ABOUT_RETURN_TYPE = YES_ERROR;
				GCC_WARN_UNDECLARED_SELECTOR = YES;
				GCC_WARN_UNINITIALIZED_AUTOS = YES_AGGRESSIVE;
				GCC_WARN_UNUSED_FUNCTION = YES;
				GCC_WARN_UNUSED_VARIABLE = YES;
				IPHONEOS_DEPLOYMENT_TARGET = 17.2;
				LOCALIZATION_PREFERS_STRING_CATALOGS = YES;
				MTL_ENABLE_DEBUG_INFO = NO;
				MTL_FAST_MATH = YES;
				SDKROOT = iphoneos;
				SWIFT_COMPILATION_MODE = wholemodule;
				VALIDATE_PRODUCT = YES;
			};
			name = Release;
		};
		2429ADB42B309EF1002328F7 /* Debug */ = {
			isa = XCBuildConfiguration;
			buildSettings = {
				ASSETCATALOG_COMPILER_APPICON_NAME = AppIcon;
				ASSETCATALOG_COMPILER_GLOBAL_ACCENT_COLOR_NAME = AccentColor;
				CODE_SIGN_STYLE = Automatic;
				CURRENT_PROJECT_VERSION = 1;
				DEVELOPMENT_ASSET_PATHS = "\"Weather app/Preview Content\"";
				DEVELOPMENT_TEAM = HLJMKLC6AQ;
				ENABLE_PREVIEWS = YES;
				GENERATE_INFOPLIST_FILE = YES;
				INFOPLIST_KEY_UIApplicationSceneManifest_Generation = YES;
				INFOPLIST_KEY_UIApplicationSupportsIndirectInputEvents = YES;
				INFOPLIST_KEY_UILaunchScreen_Generation = YES;
				INFOPLIST_KEY_UISupportedInterfaceOrientations_iPad = "UIInterfaceOrientationPortrait UIInterfaceOrientationPortraitUpsideDown UIInterfaceOrientationLandscapeLeft UIInterfaceOrientationLandscapeRight";
				INFOPLIST_KEY_UISupportedInterfaceOrientations_iPhone = "UIInterfaceOrientationPortrait UIInterfaceOrientationLandscapeLeft UIInterfaceOrientationLandscapeRight";
				LD_RUNPATH_SEARCH_PATHS = (
					"$(inherited)",
					"@executable_path/Frameworks",
				);
				MARKETING_VERSION = 1.0;
				PRODUCT_BUNDLE_IDENTIFIER = "me.lorenzofravolini.Weather-app";
				PRODUCT_NAME = "$(TARGET_NAME)";
				SWIFT_EMIT_LOC_STRINGS = YES;
				SWIFT_VERSION = 5.0;
				TARGETED_DEVICE_FAMILY = "1,2";
			};
			name = Debug;
		};
		2429ADB52B309EF1002328F7 /* Release */ = {
			isa = XCBuildConfiguration;
			buildSettings = {
				ASSETCATALOG_COMPILER_APPICON_NAME = AppIcon;
				ASSETCATALOG_COMPILER_GLOBAL_ACCENT_COLOR_NAME = AccentColor;
				CODE_SIGN_STYLE = Automatic;
				CURRENT_PROJECT_VERSION = 1;
				DEVELOPMENT_ASSET_PATHS = "\"Weather app/Preview Content\"";
				DEVELOPMENT_TEAM = HLJMKLC6AQ;
				ENABLE_PREVIEWS = YES;
				GENERATE_INFOPLIST_FILE = YES;
				INFOPLIST_KEY_UIApplicationSceneManifest_Generation = YES;
				INFOPLIST_KEY_UIApplicationSupportsIndirectInputEvents = YES;
				INFOPLIST_KEY_UILaunchScreen_Generation = YES;
				INFOPLIST_KEY_UISupportedInterfaceOrientations_iPad = "UIInterfaceOrientationPortrait UIInterfaceOrientationPortraitUpsideDown UIInterfaceOrientationLandscapeLeft UIInterfaceOrientationLandscapeRight";
				INFOPLIST_KEY_UISupportedInterfaceOrientations_iPhone = "UIInterfaceOrientationPortrait UIInterfaceOrientationLandscapeLeft UIInterfaceOrientationLandscapeRight";
				LD_RUNPATH_SEARCH_PATHS = (
					"$(inherited)",
					"@executable_path/Frameworks",
				);
				MARKETING_VERSION = 1.0;
				PRODUCT_BUNDLE_IDENTIFIER = "me.lorenzofravolini.Weather-app";
				PRODUCT_NAME = "$(TARGET_NAME)";
				SWIFT_EMIT_LOC_STRINGS = YES;
				SWIFT_VERSION = 5.0;
				TARGETED_DEVICE_FAMILY = "1,2";
			};
			name = Release;
		};
		2429ADB72B309EF1002328F7 /* Debug */ = {
			isa = XCBuildConfiguration;
			buildSettings = {
				ALWAYS_EMBED_SWIFT_STANDARD_LIBRARIES = YES;
				BUNDLE_LOADER = "$(TEST_HOST)";
				CODE_SIGN_STYLE = Automatic;
				CURRENT_PROJECT_VERSION = 1;
				DEVELOPMENT_TEAM = HLJMKLC6AQ;
				GENERATE_INFOPLIST_FILE = YES;
				IPHONEOS_DEPLOYMENT_TARGET = 17.2;
				MARKETING_VERSION = 1.0;
				PRODUCT_BUNDLE_IDENTIFIER = "me.lorenzofravolini.Weather-appTests";
				PRODUCT_NAME = "$(TARGET_NAME)";
				SWIFT_EMIT_LOC_STRINGS = NO;
				SWIFT_VERSION = 5.0;
				TARGETED_DEVICE_FAMILY = "1,2";
				TEST_HOST = "$(BUILT_PRODUCTS_DIR)/Weather app.app/$(BUNDLE_EXECUTABLE_FOLDER_PATH)/Weather app";
			};
			name = Debug;
		};
		2429ADB82B309EF1002328F7 /* Release */ = {
			isa = XCBuildConfiguration;
			buildSettings = {
				ALWAYS_EMBED_SWIFT_STANDARD_LIBRARIES = YES;
				BUNDLE_LOADER = "$(TEST_HOST)";
				CODE_SIGN_STYLE = Automatic;
				CURRENT_PROJECT_VERSION = 1;
				DEVELOPMENT_TEAM = HLJMKLC6AQ;
				GENERATE_INFOPLIST_FILE = YES;
				IPHONEOS_DEPLOYMENT_TARGET = 17.2;
				MARKETING_VERSION = 1.0;
				PRODUCT_BUNDLE_IDENTIFIER = "me.lorenzofravolini.Weather-appTests";
				PRODUCT_NAME = "$(TARGET_NAME)";
				SWIFT_EMIT_LOC_STRINGS = NO;
				SWIFT_VERSION = 5.0;
				TARGETED_DEVICE_FAMILY = "1,2";
				TEST_HOST = "$(BUILT_PRODUCTS_DIR)/Weather app.app/$(BUNDLE_EXECUTABLE_FOLDER_PATH)/Weather app";
			};
			name = Release;
		};
		2429ADBA2B309EF1002328F7 /* Debug */ = {
			isa = XCBuildConfiguration;
			buildSettings = {
				ALWAYS_EMBED_SWIFT_STANDARD_LIBRARIES = YES;
				CODE_SIGN_STYLE = Automatic;
				CURRENT_PROJECT_VERSION = 1;
				DEVELOPMENT_TEAM = HLJMKLC6AQ;
				GENERATE_INFOPLIST_FILE = YES;
				MARKETING_VERSION = 1.0;
				PRODUCT_BUNDLE_IDENTIFIER = "me.lorenzofravolini.Weather-appUITests";
				PRODUCT_NAME = "$(TARGET_NAME)";
				SWIFT_EMIT_LOC_STRINGS = NO;
				SWIFT_VERSION = 5.0;
				TARGETED_DEVICE_FAMILY = "1,2";
				TEST_TARGET_NAME = "Weather app";
			};
			name = Debug;
		};
		2429ADBB2B309EF1002328F7 /* Release */ = {
			isa = XCBuildConfiguration;
			buildSettings = {
				ALWAYS_EMBED_SWIFT_STANDARD_LIBRARIES = YES;
				CODE_SIGN_STYLE = Automatic;
				CURRENT_PROJECT_VERSION = 1;
				DEVELOPMENT_TEAM = HLJMKLC6AQ;
				GENERATE_INFOPLIST_FILE = YES;
				MARKETING_VERSION = 1.0;
				PRODUCT_BUNDLE_IDENTIFIER = "me.lorenzofravolini.Weather-appUITests";
				PRODUCT_NAME = "$(TARGET_NAME)";
				SWIFT_EMIT_LOC_STRINGS = NO;
				SWIFT_VERSION = 5.0;
				TARGETED_DEVICE_FAMILY = "1,2";
				TEST_TARGET_NAME = "Weather app";
			};
			name = Release;
		};
/* End XCBuildConfiguration section */

/* Begin XCConfigurationList section */
		2429AD8A2B309EEF002328F7 /* Build configuration list for PBXProject "Weather app" */ = {
			isa = XCConfigurationList;
			buildConfigurations = (
				2429ADB12B309EF1002328F7 /* Debug */,
				2429ADB22B309EF1002328F7 /* Release */,
			);
			defaultConfigurationIsVisible = 0;
			defaultConfigurationName = Release;
		};
		2429ADB32B309EF1002328F7 /* Build configuration list for PBXNativeTarget "Weather app" */ = {
			isa = XCConfigurationList;
			buildConfigurations = (
				2429ADB42B309EF1002328F7 /* Debug */,
				2429ADB52B309EF1002328F7 /* Release */,
			);
			defaultConfigurationIsVisible = 0;
			defaultConfigurationName = Release;
		};
		2429ADB62B309EF1002328F7 /* Build configuration list for PBXNativeTarget "Weather appTests" */ = {
			isa = XCConfigurationList;
			buildConfigurations = (
				2429ADB72B309EF1002328F7 /* Debug */,
				2429ADB82B309EF1002328F7 /* Release */,
			);
			defaultConfigurationIsVisible = 0;
			defaultConfigurationName = Release;
		};
		2429ADB92B309EF1002328F7 /* Build configuration list for PBXNativeTarget "Weather appUITests" */ = {
			isa = XCConfigurationList;
			buildConfigurations = (
				2429ADBA2B309EF1002328F7 /* Debug */,
				2429ADBB2B309EF1002328F7 /* Release */,
			);
			defaultConfigurationIsVisible = 0;
			defaultConfigurationName = Release;
		};
/* End XCConfigurationList section */
	};
	rootObject = 2429AD872B309EEF002328F7 /* Project object */;
}
